
Microsoft Visual Studio Solution File, Format Version 12.00
# Visual Studio Version 17
VisualStudioVersion = 17.4.33103.184
MinimumVisualStudioVersion = 10.0.40219.1
Project("{FAE04EC0-301F-11D3-BF4B-00C04F79EFBC}") = "labirintus projekt", "labirintus projekt.csproj", "{E4027333-2B83-491B-A9E5-294A0F343C45}"
EndProject
Global
	GlobalSection(SolutionConfigurationPlatforms) = preSolution
		Debug|Any CPU = Debug|Any CPU
		Release|Any CPU = Release|Any CPU
	EndGlobalSection
	GlobalSection(ProjectConfigurationPlatforms) = postSolution
		{E4027333-2B83-491B-A9E5-294A0F343C45}.Debug|Any CPU.ActiveCfg = Debug|Any CPU
		{E4027333-2B83-491B-A9E5-294A0F343C45}.Debug|Any CPU.Build.0 = Debug|Any CPU
		{E4027333-2B83-491B-A9E5-294A0F343C45}.Release|Any CPU.ActiveCfg = Release|Any CPU
		{E4027333-2B83-491B-A9E5-294A0F343C45}.Release|Any CPU.Build.0 = Release|Any CPU
	EndGlobalSection
	GlobalSection(SolutionProperties) = preSolution
		HideSolutionNode = FALSE
	EndGlobalSection
	GlobalSection(ExtensibilityGlobals) = postSolution
		SolutionGuid = {18F29EE9-B47A-49A9-B947-4CD7AF1E27A6}
	EndGlobalSection
EndGlobal
